{
  "name": "views",
  "version": "1.0.0",
  "lockfileVersion": 1,
  "requires": true,
  "dependencies": {
    "babylonjs": {
      "version": "4.0.3",
      "resolved": "https://registry.npmjs.org/babylonjs/-/babylonjs-4.0.3.tgz",
      "integrity": "sha512-S5PoPmf0Vo03FDmF9z8djBiIm8GSLvCesln/9aKV9RbD4W+NTqVmMKhR8CQoMRCQNb2JSKKUuyUygXxCRVG37Q=="
    },
    "babylonjs-gltf2interface": {
      "version": "4.0.3",
      "resolved": "https://registry.npmjs.org/babylonjs-gltf2interface/-/babylonjs-gltf2interface-4.0.3.tgz",
      "integrity": "sha512-ys8cEhlkYmBCJ3F/aBemVNKPkaV5fPghR4wgQfvUTNCF9pFlwYZpJ1KXEPj4+z6OohXN14AQMcaiafL+bmVLlg=="
    },
    "babylonjs-loaders": {
      "version": "4.0.3",
      "resolved": "https://registry.npmjs.org/babylonjs-loaders/-/babylonjs-loaders-4.0.3.tgz",
      "integrity": "sha512-pdJElZpxZlh/c0wVeDcxhcQ2y5TRvEKbhO8HEiMo43At0FQm281EpIYIvvpWBkmNcPQoYJig63RSJxR9vHtUhw==",
      "requires": {
        "babylonjs": "4.0.3",
        "babylonjs-gltf2interface": "4.0.3"
      }
    }
  }
}
